// !$*UTF8*$!
{
	archiveVersion = 1;
	classes = {
	};
	objectVersion = 46;
	objects = {

/* Begin PBXFileReference section */
		8EDBB0601F73C36A00520A7B /* DateDropDown.swift */ = {isa = PBXFileReference; lastKnownFileType = sourcecode.swift; name = DateDropDown.swift; path = iOSFormUtils/DateDropDown.swift; sourceTree = "<group>"; };
		8EDBB0611F73C36A00520A7B /* DropDown.swift */ = {isa = PBXFileReference; lastKnownFileType = sourcecode.swift; name = DropDown.swift; path = iOSFormUtils/DropDown.swift; sourceTree = "<group>"; };
		8EDBB0621F73C36A00520A7B /* ImagePicker.swift */ = {isa = PBXFileReference; lastKnownFileType = sourcecode.swift; name = ImagePicker.swift; path = iOSFormUtils/ImagePicker.swift; sourceTree = "<group>"; };
		8EDBB0631F73C36A00520A7B /* TextInput.swift */ = {isa = PBXFileReference; lastKnownFileType = sourcecode.swift; name = TextInput.swift; path = iOSFormUtils/TextInput.swift; sourceTree = "<group>"; };
		8EDBB0641F73C36A00520A7B /* ValidatedTextInput.swift */ = {isa = PBXFileReference; lastKnownFileType = sourcecode.swift; name = ValidatedTextInput.swift; path = iOSFormUtils/ValidatedTextInput.swift; sourceTree = "<group>"; };
		C8CF38E81DC9DC20002D11DF /* Form.swift */ = {isa = PBXFileReference; lastKnownFileType = sourcecode.swift; name = Form.swift; path = iOSFormUtils/Form.swift; sourceTree = "<group>"; };
		C8CF38EB1DC9DC94002D11DF /* Info.plist */ = {isa = PBXFileReference; lastKnownFileType = text.plist.xml; path = Info.plist; sourceTree = "<group>"; };
		C8F50C0F1CEF0A26006D8C51 /* ValidatedForm.swift */ = {isa = PBXFileReference; lastKnownFileType = sourcecode.swift; name = ValidatedForm.swift; path = iOSFormUtils/ValidatedForm.swift; sourceTree = "<group>"; };
/* End PBXFileReference section */

/* Begin PBXGroup section */
		C8714A461CECC5360006E038 = {
			isa = PBXGroup;
			children = (
				C8C6A7FB1CEDBDED00B9B9D8 /* iOSFormUtils */,
			);
			sourceTree = "<group>";
		};
		C8C6A7FB1CEDBDED00B9B9D8 /* iOSFormUtils */ = {
			isa = PBXGroup;
			children = (
				8EDBB0601F73C36A00520A7B /* DateDropDown.swift */,
				8EDBB0611F73C36A00520A7B /* DropDown.swift */,
				8EDBB0621F73C36A00520A7B /* ImagePicker.swift */,
				8EDBB0631F73C36A00520A7B /* TextInput.swift */,
				8EDBB0641F73C36A00520A7B /* ValidatedTextInput.swift */,
				C8CF38EB1DC9DC94002D11DF /* Info.plist */,
				C8CF38E81DC9DC20002D11DF /* Form.swift */,
				C8F50C0F1CEF0A26006D8C51 /* ValidatedForm.swift */,
			);
			name = iOSFormUtils;
			sourceTree = "<group>";
		};
/* End PBXGroup section */

/* Begin PBXProject section */
		C8714A471CECC5360006E038 /* Project object */ = {
			isa = PBXProject;
			attributes = {
				LastUpgradeCheck = 0730;
			};
			buildConfigurationList = C8714A4A1CECC5360006E038 /* Build configuration list for PBXProject "iOSFormUtils" */;
			compatibilityVersion = "Xcode 3.2";
			developmentRegion = English;
			hasScannedForEncodings = 0;
			knownRegions = (
				en,
			);
			mainGroup = C8714A461CECC5360006E038;
			projectDirPath = "";
			projectRoot = "";
			targets = (
			);
		};
/* End PBXProject section */

/* Begin XCBuildConfiguration section */
		C8714A4B1CECC5360006E038 /* Debug */ = {
			isa = XCBuildConfiguration;
			buildSettings = {
			};
			name = Debug;
		};
		C8714A4C1CECC5360006E038 /* Release */ = {
			isa = XCBuildConfiguration;
			buildSettings = {
			};
			name = Release;
		};
/* End XCBuildConfiguration section */

/* Begin XCConfigurationList section */
		C8714A4A1CECC5360006E038 /* Build configuration list for PBXProject "iOSFormUtils" */ = {
			isa = XCConfigurationList;
			buildConfigurations = (
				C8714A4B1CECC5360006E038 /* Debug */,
				C8714A4C1CECC5360006E038 /* Release */,
			);
			defaultConfigurationIsVisible = 0;
			defaultConfigurationName = Release;
		};
/* End XCConfigurationList section */
	};
	rootObject = C8714A471CECC5360006E038 /* Project object */;
}
