// !$*UTF8*$!
{
	archiveVersion = 1;
	classes = {
	};
	objectVersion = 46;
	objects = {

/* Begin PBXFileReference section */
		C8C6A7FA1CEDB48D00B9B9D8 /* test.swift */ = {isa = PBXFileReference; lastKnownFileType = sourcecode.swift; name = test.swift; path = iOSFormUtils/test.swift; sourceTree = "<group>"; };
/* End PBXFileReference section */

/* Begin PBXGroup section */
		C8714A461CECC5360006E038 = {
			isa = PBXGroup;
			children = (
				C8C6A7FA1CEDB48D00B9B9D8 /* test.swift */,
			);
			sourceTree = "<group>";
		};
/* End PBXGroup section */

/* Begin PBXProject section */
		C8714A471CECC5360006E038 /* Project object */ = {
			isa = PBXProject;
			attributes = {
				LastUpgradeCheck = 0730;
			};
			buildConfigurationList = C8714A4A1CECC5360006E038 /* Build configuration list for PBXProject "iOSFormUtils" */;
			compatibilityVersion = "Xcode 3.2";
			developmentRegion = English;
			hasScannedForEncodings = 0;
			knownRegions = (
				en,
			);
			mainGroup = C8714A461CECC5360006E038;
			projectDirPath = "";
			projectRoot = "";
			targets = (
			);
		};
/* End PBXProject section */

/* Begin XCBuildConfiguration section */
		C8714A4B1CECC5360006E038 /* Debug */ = {
			isa = XCBuildConfiguration;
			buildSettings = {
			};
			name = Debug;
		};
		C8714A4C1CECC5360006E038 /* Release */ = {
			isa = XCBuildConfiguration;
			buildSettings = {
			};
			name = Release;
		};
/* End XCBuildConfiguration section */

/* Begin XCConfigurationList section */
		C8714A4A1CECC5360006E038 /* Build configuration list for PBXProject "iOSFormUtils" */ = {
			isa = XCConfigurationList;
			buildConfigurations = (
				C8714A4B1CECC5360006E038 /* Debug */,
				C8714A4C1CECC5360006E038 /* Release */,
			);
			defaultConfigurationIsVisible = 0;
			defaultConfigurationName = Release;
		};
/* End XCConfigurationList section */
	};
	rootObject = C8714A471CECC5360006E038 /* Project object */;
}
